// !$*UTF8*$!
{
	archiveVersion = 1;
	classes = {
	};
	objectVersion = 56;
	objects = {

/* Begin PBXBuildFile section */
		D81281252BF1D1F000DA9012 /* ViewController.swift in Sources */ = {isa = PBXBuildFile; fileRef = D81281242BF1D1F000DA9012 /* ViewController.swift */; };
		D81281272BF1D54600DA9012 /* MovieTableViewCell.swift in Sources */ = {isa = PBXBuildFile; fileRef = D81281262BF1D54600DA9012 /* MovieTableViewCell.swift */; };
		D81281512BF25C9300DA9012 /* MovieTitle.swift in Sources */ = {isa = PBXBuildFile; fileRef = D81281502BF25C9300DA9012 /* MovieTitle.swift */; };
		D85432CE2BF3520C008F40CF /* MovieListsCollectionViewCell.swift in Sources */ = {isa = PBXBuildFile; fileRef = D85432CD2BF3520C008F40CF /* MovieListsCollectionViewCell.swift */; };
		D85432D02BF4FD4D008F40CF /* TopRatedModel.swift in Sources */ = {isa = PBXBuildFile; fileRef = D85432CF2BF4FD4D008F40CF /* TopRatedModel.swift */; };
		D85432D42BF5031E008F40CF /* DetailViewController.swift in Sources */ = {isa = PBXBuildFile; fileRef = D85432D32BF5031E008F40CF /* DetailViewController.swift */; };
		D85432D62BF50C32008F40CF /* DetailsModel.swift in Sources */ = {isa = PBXBuildFile; fileRef = D85432D52BF50C32008F40CF /* DetailsModel.swift */; };
		D85432D82BF5DD09008F40CF /* PopularModel.swift in Sources */ = {isa = PBXBuildFile; fileRef = D85432D72BF5DD09008F40CF /* PopularModel.swift */; };
		D88615B72BF0F3150062D56B /* AppDelegate.swift in Sources */ = {isa = PBXBuildFile; fileRef = D88615B62BF0F3150062D56B /* AppDelegate.swift */; };
		D88615B92BF0F3150062D56B /* SceneDelegate.swift in Sources */ = {isa = PBXBuildFile; fileRef = D88615B82BF0F3150062D56B /* SceneDelegate.swift */; };
		D88615BB2BF0F3150062D56B /* TabBarController.swift in Sources */ = {isa = PBXBuildFile; fileRef = D88615BA2BF0F3150062D56B /* TabBarController.swift */; };
		D88615C02BF0F3160062D56B /* Assets.xcassets in Resources */ = {isa = PBXBuildFile; fileRef = D88615BF2BF0F3160062D56B /* Assets.xcassets */; };
		D88615C32BF0F3160062D56B /* LaunchScreen.storyboard in Resources */ = {isa = PBXBuildFile; fileRef = D88615C12BF0F3160062D56B /* LaunchScreen.storyboard */; };
		D88615CE2BF0FCE40062D56B /* HomeViewController.swift in Sources */ = {isa = PBXBuildFile; fileRef = D88615CD2BF0FCE40062D56B /* HomeViewController.swift */; };
		D88615D42BF1345A0062D56B /* MovieModel.swift in Sources */ = {isa = PBXBuildFile; fileRef = D88615D32BF1345A0062D56B /* MovieModel.swift */; };
		D88615D62BF135100062D56B /* MovieModelDates.swift in Sources */ = {isa = PBXBuildFile; fileRef = D88615D52BF135100062D56B /* MovieModelDates.swift */; };
		D88615D82BF136B00062D56B /* MovieModelResult.swift in Sources */ = {isa = PBXBuildFile; fileRef = D88615D72BF136B00062D56B /* MovieModelResult.swift */; };
		D88615DA2BF13C590062D56B /* FavoritesViewController.swift in Sources */ = {isa = PBXBuildFile; fileRef = D88615D92BF13C590062D56B /* FavoritesViewController.swift */; };
		D88615DC2BF13C850062D56B /* WatchListViewController.swift in Sources */ = {isa = PBXBuildFile; fileRef = D88615DB2BF13C850062D56B /* WatchListViewController.swift */; };
		D88615DE2BF13C950062D56B /* FindViewController.swift in Sources */ = {isa = PBXBuildFile; fileRef = D88615DD2BF13C950062D56B /* FindViewController.swift */; };
		D88615E02BF13CAB0062D56B /* ProfileViewController.swift in Sources */ = {isa = PBXBuildFile; fileRef = D88615DF2BF13CAB0062D56B /* ProfileViewController.swift */; };
/* End PBXBuildFile section */

/* Begin PBXFileReference section */
		D81281242BF1D1F000DA9012 /* ViewController.swift */ = {isa = PBXFileReference; lastKnownFileType = sourcecode.swift; path = ViewController.swift; sourceTree = "<group>"; };
		D81281262BF1D54600DA9012 /* MovieTableViewCell.swift */ = {isa = PBXFileReference; lastKnownFileType = sourcecode.swift; path = MovieTableViewCell.swift; sourceTree = "<group>"; };
		D81281502BF25C9300DA9012 /* MovieTitle.swift */ = {isa = PBXFileReference; lastKnownFileType = sourcecode.swift; path = MovieTitle.swift; sourceTree = "<group>"; };
		D85432CD2BF3520C008F40CF /* MovieListsCollectionViewCell.swift */ = {isa = PBXFileReference; lastKnownFileType = sourcecode.swift; path = MovieListsCollectionViewCell.swift; sourceTree = "<group>"; };
		D85432CF2BF4FD4D008F40CF /* TopRatedModel.swift */ = {isa = PBXFileReference; lastKnownFileType = sourcecode.swift; path = TopRatedModel.swift; sourceTree = "<group>"; };
		D85432D32BF5031E008F40CF /* DetailViewController.swift */ = {isa = PBXFileReference; lastKnownFileType = sourcecode.swift; path = DetailViewController.swift; sourceTree = "<group>"; };
		D85432D52BF50C32008F40CF /* DetailsModel.swift */ = {isa = PBXFileReference; lastKnownFileType = sourcecode.swift; path = DetailsModel.swift; sourceTree = "<group>"; };
		D85432D72BF5DD09008F40CF /* PopularModel.swift */ = {isa = PBXFileReference; lastKnownFileType = sourcecode.swift; path = PopularModel.swift; sourceTree = "<group>"; };
		D88615B32BF0F3140062D56B /* MovieApp.app */ = {isa = PBXFileReference; explicitFileType = wrapper.application; includeInIndex = 0; path = MovieApp.app; sourceTree = BUILT_PRODUCTS_DIR; };
		D88615B62BF0F3150062D56B /* AppDelegate.swift */ = {isa = PBXFileReference; lastKnownFileType = sourcecode.swift; path = AppDelegate.swift; sourceTree = "<group>"; };
		D88615B82BF0F3150062D56B /* SceneDelegate.swift */ = {isa = PBXFileReference; lastKnownFileType = sourcecode.swift; path = SceneDelegate.swift; sourceTree = "<group>"; };
		D88615BA2BF0F3150062D56B /* TabBarController.swift */ = {isa = PBXFileReference; lastKnownFileType = sourcecode.swift; path = TabBarController.swift; sourceTree = "<group>"; };
		D88615BF2BF0F3160062D56B /* Assets.xcassets */ = {isa = PBXFileReference; lastKnownFileType = folder.assetcatalog; path = Assets.xcassets; sourceTree = "<group>"; };
		D88615C22BF0F3160062D56B /* Base */ = {isa = PBXFileReference; lastKnownFileType = file.storyboard; name = Base; path = Base.lproj/LaunchScreen.storyboard; sourceTree = "<group>"; };
		D88615C42BF0F3160062D56B /* Info.plist */ = {isa = PBXFileReference; lastKnownFileType = text.plist.xml; path = Info.plist; sourceTree = "<group>"; };
		D88615CD2BF0FCE40062D56B /* HomeViewController.swift */ = {isa = PBXFileReference; lastKnownFileType = sourcecode.swift; path = HomeViewController.swift; sourceTree = "<group>"; };
		D88615D32BF1345A0062D56B /* MovieModel.swift */ = {isa = PBXFileReference; lastKnownFileType = sourcecode.swift; path = MovieModel.swift; sourceTree = "<group>"; };
		D88615D52BF135100062D56B /* MovieModelDates.swift */ = {isa = PBXFileReference; lastKnownFileType = sourcecode.swift; path = MovieModelDates.swift; sourceTree = "<group>"; };
		D88615D72BF136B00062D56B /* MovieModelResult.swift */ = {isa = PBXFileReference; lastKnownFileType = sourcecode.swift; path = MovieModelResult.swift; sourceTree = "<group>"; };
		D88615D92BF13C590062D56B /* FavoritesViewController.swift */ = {isa = PBXFileReference; lastKnownFileType = sourcecode.swift; path = FavoritesViewController.swift; sourceTree = "<group>"; };
		D88615DB2BF13C850062D56B /* WatchListViewController.swift */ = {isa = PBXFileReference; lastKnownFileType = sourcecode.swift; path = WatchListViewController.swift; sourceTree = "<group>"; };
		D88615DD2BF13C950062D56B /* FindViewController.swift */ = {isa = PBXFileReference; lastKnownFileType = sourcecode.swift; path = FindViewController.swift; sourceTree = "<group>"; };
		D88615DF2BF13CAB0062D56B /* ProfileViewController.swift */ = {isa = PBXFileReference; lastKnownFileType = sourcecode.swift; path = ProfileViewController.swift; sourceTree = "<group>"; };
/* End PBXFileReference section */

/* Begin PBXFrameworksBuildPhase section */
		D88615B02BF0F3140062D56B /* Frameworks */ = {
			isa = PBXFrameworksBuildPhase;
			buildActionMask = 2147483647;
			files = (
			);
			runOnlyForDeploymentPostprocessing = 0;
		};
/* End PBXFrameworksBuildPhase section */

/* Begin PBXGroup section */
		D85432CC2BF26E15008F40CF /* Network */ = {
			isa = PBXGroup;
			children = (
			);
			path = Network;
			sourceTree = "<group>";
		};
		D88615AA2BF0F3140062D56B = {
			isa = PBXGroup;
			children = (
				D88615B52BF0F3140062D56B /* MovieApp */,
				D88615B42BF0F3140062D56B /* Products */,
			);
			sourceTree = "<group>";
		};
		D88615B42BF0F3140062D56B /* Products */ = {
			isa = PBXGroup;
			children = (
				D88615B32BF0F3140062D56B /* MovieApp.app */,
			);
			name = Products;
			sourceTree = "<group>";
		};
		D88615B52BF0F3140062D56B /* MovieApp */ = {
			isa = PBXGroup;
			children = (
				D88615CB2BF0FAD30062D56B /* Application */,
				D85432CC2BF26E15008F40CF /* Network */,
				D88615D12BF1342F0062D56B /* Models */,
				D88615D02BF1040D0062D56B /* Views */,
				D88615CC2BF0FAE00062D56B /* Controller */,
				D88615CA2BF0FAAD0062D56B /* SupportingFiles */,
			);
			path = MovieApp;
			sourceTree = "<group>";
		};
		D88615CA2BF0FAAD0062D56B /* SupportingFiles */ = {
			isa = PBXGroup;
			children = (
				D88615BF2BF0F3160062D56B /* Assets.xcassets */,
				D88615C12BF0F3160062D56B /* LaunchScreen.storyboard */,
				D88615C42BF0F3160062D56B /* Info.plist */,
			);
			path = SupportingFiles;
			sourceTree = "<group>";
		};
		D88615CB2BF0FAD30062D56B /* Application */ = {
			isa = PBXGroup;
			children = (
				D88615B62BF0F3150062D56B /* AppDelegate.swift */,
				D88615B82BF0F3150062D56B /* SceneDelegate.swift */,
			);
			path = Application;
			sourceTree = "<group>";
		};
		D88615CC2BF0FAE00062D56B /* Controller */ = {
			isa = PBXGroup;
			children = (
				D81281242BF1D1F000DA9012 /* ViewController.swift */,
				D85432D32BF5031E008F40CF /* DetailViewController.swift */,
				D88615CF2BF103C60062D56B /* Core */,
			);
			path = Controller;
			sourceTree = "<group>";
		};
		D88615CF2BF103C60062D56B /* Core */ = {
			isa = PBXGroup;
			children = (
				D88615BA2BF0F3150062D56B /* TabBarController.swift */,
				D88615CD2BF0FCE40062D56B /* HomeViewController.swift */,
				D88615D92BF13C590062D56B /* FavoritesViewController.swift */,
				D88615DB2BF13C850062D56B /* WatchListViewController.swift */,
				D88615DD2BF13C950062D56B /* FindViewController.swift */,
				D88615DF2BF13CAB0062D56B /* ProfileViewController.swift */,
			);
			path = Core;
			sourceTree = "<group>";
		};
		D88615D02BF1040D0062D56B /* Views */ = {
			isa = PBXGroup;
			children = (
				D81281262BF1D54600DA9012 /* MovieTableViewCell.swift */,
				D85432CD2BF3520C008F40CF /* MovieListsCollectionViewCell.swift */,
			);
			path = Views;
			sourceTree = "<group>";
		};
		D88615D12BF1342F0062D56B /* Models */ = {
			isa = PBXGroup;
			children = (
				D88615D32BF1345A0062D56B /* MovieModel.swift */,
				D88615D52BF135100062D56B /* MovieModelDates.swift */,
				D88615D72BF136B00062D56B /* MovieModelResult.swift */,
				D85432D72BF5DD09008F40CF /* PopularModel.swift */,
				D85432CF2BF4FD4D008F40CF /* TopRatedModel.swift */,
				D85432D52BF50C32008F40CF /* DetailsModel.swift */,
				D81281502BF25C9300DA9012 /* MovieTitle.swift */,
			);
			path = Models;
			sourceTree = "<group>";
		};
/* End PBXGroup section */

/* Begin PBXNativeTarget section */
		D88615B22BF0F3140062D56B /* MovieApp */ = {
			isa = PBXNativeTarget;
			buildConfigurationList = D88615C72BF0F3160062D56B /* Build configuration list for PBXNativeTarget "MovieApp" */;
			buildPhases = (
				D88615AF2BF0F3140062D56B /* Sources */,
				D88615B02BF0F3140062D56B /* Frameworks */,
				D88615B12BF0F3140062D56B /* Resources */,
			);
			buildRules = (
			);
			dependencies = (
			);
			name = MovieApp;
			productName = MovieApp;
			productReference = D88615B32BF0F3140062D56B /* MovieApp.app */;
			productType = "com.apple.product-type.application";
		};
/* End PBXNativeTarget section */

/* Begin PBXProject section */
		D88615AB2BF0F3140062D56B /* Project object */ = {
			isa = PBXProject;
			attributes = {
				BuildIndependentTargetsInParallel = 1;
				LastSwiftUpdateCheck = 1520;
				LastUpgradeCheck = 1520;
				TargetAttributes = {
					D88615B22BF0F3140062D56B = {
						CreatedOnToolsVersion = 15.2;
					};
				};
			};
			buildConfigurationList = D88615AE2BF0F3140062D56B /* Build configuration list for PBXProject "MovieApp" */;
			compatibilityVersion = "Xcode 14.0";
			developmentRegion = en;
			hasScannedForEncodings = 0;
			knownRegions = (
				en,
				Base,
			);
			mainGroup = D88615AA2BF0F3140062D56B;
			productRefGroup = D88615B42BF0F3140062D56B /* Products */;
			projectDirPath = "";
			projectRoot = "";
			targets = (
				D88615B22BF0F3140062D56B /* MovieApp */,
			);
		};
/* End PBXProject section */

/* Begin PBXResourcesBuildPhase section */
		D88615B12BF0F3140062D56B /* Resources */ = {
			isa = PBXResourcesBuildPhase;
			buildActionMask = 2147483647;
			files = (
				D88615C32BF0F3160062D56B /* LaunchScreen.storyboard in Resources */,
				D88615C02BF0F3160062D56B /* Assets.xcassets in Resources */,
			);
			runOnlyForDeploymentPostprocessing = 0;
		};
/* End PBXResourcesBuildPhase section */

/* Begin PBXSourcesBuildPhase section */
		D88615AF2BF0F3140062D56B /* Sources */ = {
			isa = PBXSourcesBuildPhase;
			buildActionMask = 2147483647;
			files = (
				D85432D62BF50C32008F40CF /* DetailsModel.swift in Sources */,
				D88615BB2BF0F3150062D56B /* TabBarController.swift in Sources */,
				D88615B72BF0F3150062D56B /* AppDelegate.swift in Sources */,
				D88615DA2BF13C590062D56B /* FavoritesViewController.swift in Sources */,
				D88615D62BF135100062D56B /* MovieModelDates.swift in Sources */,
				D88615D42BF1345A0062D56B /* MovieModel.swift in Sources */,
				D81281512BF25C9300DA9012 /* MovieTitle.swift in Sources */,
				D88615DE2BF13C950062D56B /* FindViewController.swift in Sources */,
				D81281252BF1D1F000DA9012 /* ViewController.swift in Sources */,
				D85432D42BF5031E008F40CF /* DetailViewController.swift in Sources */,
				D88615E02BF13CAB0062D56B /* ProfileViewController.swift in Sources */,
				D88615B92BF0F3150062D56B /* SceneDelegate.swift in Sources */,
				D88615D82BF136B00062D56B /* MovieModelResult.swift in Sources */,
				D85432D82BF5DD09008F40CF /* PopularModel.swift in Sources */,
				D88615DC2BF13C850062D56B /* WatchListViewController.swift in Sources */,
				D85432D02BF4FD4D008F40CF /* TopRatedModel.swift in Sources */,
				D85432CE2BF3520C008F40CF /* MovieListsCollectionViewCell.swift in Sources */,
				D88615CE2BF0FCE40062D56B /* HomeViewController.swift in Sources */,
				D81281272BF1D54600DA9012 /* MovieTableViewCell.swift in Sources */,
			);
			runOnlyForDeploymentPostprocessing = 0;
		};
/* End PBXSourcesBuildPhase section */

/* Begin PBXVariantGroup section */
		D88615C12BF0F3160062D56B /* LaunchScreen.storyboard */ = {
			isa = PBXVariantGroup;
			children = (
				D88615C22BF0F3160062D56B /* Base */,
			);
			name = LaunchScreen.storyboard;
			sourceTree = "<group>";
		};
/* End PBXVariantGroup section */

/* Begin XCBuildConfiguration section */
		D88615C52BF0F3160062D56B /* Debug */ = {
			isa = XCBuildConfiguration;
			buildSettings = {
				ALWAYS_SEARCH_USER_PATHS = NO;
				ASSETCATALOG_COMPILER_GENERATE_SWIFT_ASSET_SYMBOL_EXTENSIONS = YES;
				CLANG_ANALYZER_NONNULL = YES;
				CLANG_ANALYZER_NUMBER_OBJECT_CONVERSION = YES_AGGRESSIVE;
				CLANG_CXX_LANGUAGE_STANDARD = "gnu++20";
				CLANG_ENABLE_MODULES = YES;
				CLANG_ENABLE_OBJC_ARC = YES;
				CLANG_ENABLE_OBJC_WEAK = YES;
				CLANG_WARN_BLOCK_CAPTURE_AUTORELEASING = YES;
				CLANG_WARN_BOOL_CONVERSION = YES;
				CLANG_WARN_COMMA = YES;
				CLANG_WARN_CONSTANT_CONVERSION = YES;
				CLANG_WARN_DEPRECATED_OBJC_IMPLEMENTATIONS = YES;
				CLANG_WARN_DIRECT_OBJC_ISA_USAGE = YES_ERROR;
				CLANG_WARN_DOCUMENTATION_COMMENTS = YES;
				CLANG_WARN_EMPTY_BODY = YES;
				CLANG_WARN_ENUM_CONVERSION = YES;
				CLANG_WARN_INFINITE_RECURSION = YES;
				CLANG_WARN_INT_CONVERSION = YES;
				CLANG_WARN_NON_LITERAL_NULL_CONVERSION = YES;
				CLANG_WARN_OBJC_IMPLICIT_RETAIN_SELF = YES;
				CLANG_WARN_OBJC_LITERAL_CONVERSION = YES;
				CLANG_WARN_OBJC_ROOT_CLASS = YES_ERROR;
				CLANG_WARN_QUOTED_INCLUDE_IN_FRAMEWORK_HEADER = YES;
				CLANG_WARN_RANGE_LOOP_ANALYSIS = YES;
				CLANG_WARN_STRICT_PROTOTYPES = YES;
				CLANG_WARN_SUSPICIOUS_MOVE = YES;
				CLANG_WARN_UNGUARDED_AVAILABILITY = YES_AGGRESSIVE;
				CLANG_WARN_UNREACHABLE_CODE = YES;
				CLANG_WARN__DUPLICATE_METHOD_MATCH = YES;
				COPY_PHASE_STRIP = NO;
				DEBUG_INFORMATION_FORMAT = dwarf;
				ENABLE_STRICT_OBJC_MSGSEND = YES;
				ENABLE_TESTABILITY = YES;
				ENABLE_USER_SCRIPT_SANDBOXING = YES;
				GCC_C_LANGUAGE_STANDARD = gnu17;
				GCC_DYNAMIC_NO_PIC = NO;
				GCC_NO_COMMON_BLOCKS = YES;
				GCC_OPTIMIZATION_LEVEL = 0;
				GCC_PREPROCESSOR_DEFINITIONS = (
					"DEBUG=1",
					"$(inherited)",
				);
				GCC_WARN_64_TO_32_BIT_CONVERSION = YES;
				GCC_WARN_ABOUT_RETURN_TYPE = YES_ERROR;
				GCC_WARN_UNDECLARED_SELECTOR = YES;
				GCC_WARN_UNINITIALIZED_AUTOS = YES_AGGRESSIVE;
				GCC_WARN_UNUSED_FUNCTION = YES;
				GCC_WARN_UNUSED_VARIABLE = YES;
				IPHONEOS_DEPLOYMENT_TARGET = 17.2;
				LOCALIZATION_PREFERS_STRING_CATALOGS = YES;
				MTL_ENABLE_DEBUG_INFO = INCLUDE_SOURCE;
				MTL_FAST_MATH = YES;
				ONLY_ACTIVE_ARCH = YES;
				SDKROOT = iphoneos;
				SWIFT_ACTIVE_COMPILATION_CONDITIONS = "DEBUG $(inherited)";
				SWIFT_OPTIMIZATION_LEVEL = "-Onone";
			};
			name = Debug;
		};
		D88615C62BF0F3160062D56B /* Release */ = {
			isa = XCBuildConfiguration;
			buildSettings = {
				ALWAYS_SEARCH_USER_PATHS = NO;
				ASSETCATALOG_COMPILER_GENERATE_SWIFT_ASSET_SYMBOL_EXTENSIONS = YES;
				CLANG_ANALYZER_NONNULL = YES;
				CLANG_ANALYZER_NUMBER_OBJECT_CONVERSION = YES_AGGRESSIVE;
				CLANG_CXX_LANGUAGE_STANDARD = "gnu++20";
				CLANG_ENABLE_MODULES = YES;
				CLANG_ENABLE_OBJC_ARC = YES;
				CLANG_ENABLE_OBJC_WEAK = YES;
				CLANG_WARN_BLOCK_CAPTURE_AUTORELEASING = YES;
				CLANG_WARN_BOOL_CONVERSION = YES;
				CLANG_WARN_COMMA = YES;
				CLANG_WARN_CONSTANT_CONVERSION = YES;
				CLANG_WARN_DEPRECATED_OBJC_IMPLEMENTATIONS = YES;
				CLANG_WARN_DIRECT_OBJC_ISA_USAGE = YES_ERROR;
				CLANG_WARN_DOCUMENTATION_COMMENTS = YES;
				CLANG_WARN_EMPTY_BODY = YES;
				CLANG_WARN_ENUM_CONVERSION = YES;
				CLANG_WARN_INFINITE_RECURSION = YES;
				CLANG_WARN_INT_CONVERSION = YES;
				CLANG_WARN_NON_LITERAL_NULL_CONVERSION = YES;
				CLANG_WARN_OBJC_IMPLICIT_RETAIN_SELF = YES;
				CLANG_WARN_OBJC_LITERAL_CONVERSION = YES;
				CLANG_WARN_OBJC_ROOT_CLASS = YES_ERROR;
				CLANG_WARN_QUOTED_INCLUDE_IN_FRAMEWORK_HEADER = YES;
				CLANG_WARN_RANGE_LOOP_ANALYSIS = YES;
				CLANG_WARN_STRICT_PROTOTYPES = YES;
				CLANG_WARN_SUSPICIOUS_MOVE = YES;
				CLANG_WARN_UNGUARDED_AVAILABILITY = YES_AGGRESSIVE;
				CLANG_WARN_UNREACHABLE_CODE = YES;
				CLANG_WARN__DUPLICATE_METHOD_MATCH = YES;
				COPY_PHASE_STRIP = NO;
				DEBUG_INFORMATION_FORMAT = "dwarf-with-dsym";
				ENABLE_NS_ASSERTIONS = NO;
				ENABLE_STRICT_OBJC_MSGSEND = YES;
				ENABLE_USER_SCRIPT_SANDBOXING = YES;
				GCC_C_LANGUAGE_STANDARD = gnu17;
				GCC_NO_COMMON_BLOCKS = YES;
				GCC_WARN_64_TO_32_BIT_CONVERSION = YES;
				GCC_WARN_ABOUT_RETURN_TYPE = YES_ERROR;
				GCC_WARN_UNDECLARED_SELECTOR = YES;
				GCC_WARN_UNINITIALIZED_AUTOS = YES_AGGRESSIVE;
				GCC_WARN_UNUSED_FUNCTION = YES;
				GCC_WARN_UNUSED_VARIABLE = YES;
				IPHONEOS_DEPLOYMENT_TARGET = 17.2;
				LOCALIZATION_PREFERS_STRING_CATALOGS = YES;
				MTL_ENABLE_DEBUG_INFO = NO;
				MTL_FAST_MATH = YES;
				SDKROOT = iphoneos;
				SWIFT_COMPILATION_MODE = wholemodule;
				VALIDATE_PRODUCT = YES;
			};
			name = Release;
		};
		D88615C82BF0F3160062D56B /* Debug */ = {
			isa = XCBuildConfiguration;
			buildSettings = {
				ASSETCATALOG_COMPILER_APPICON_NAME = AppIcon;
				ASSETCATALOG_COMPILER_GLOBAL_ACCENT_COLOR_NAME = AccentColor;
				CODE_SIGN_STYLE = Automatic;
				CURRENT_PROJECT_VERSION = 1;
				GENERATE_INFOPLIST_FILE = YES;
				INFOPLIST_FILE = MovieApp/SupportingFiles/Info.plist;
				INFOPLIST_KEY_UIApplicationSupportsIndirectInputEvents = YES;
				INFOPLIST_KEY_UILaunchStoryboardName = LaunchScreen;
				INFOPLIST_KEY_UISupportedInterfaceOrientations_iPad = "UIInterfaceOrientationPortrait UIInterfaceOrientationPortraitUpsideDown UIInterfaceOrientationLandscapeLeft UIInterfaceOrientationLandscapeRight";
				INFOPLIST_KEY_UISupportedInterfaceOrientations_iPhone = "UIInterfaceOrientationPortrait UIInterfaceOrientationLandscapeLeft UIInterfaceOrientationLandscapeRight";
				IPHONEOS_DEPLOYMENT_TARGET = 15.0;
				LD_RUNPATH_SEARCH_PATHS = (
					"$(inherited)",
					"@executable_path/Frameworks",
				);
				MARKETING_VERSION = 1.0;
				PRODUCT_BUNDLE_IDENTIFIER = iskakov.MovieApp;
				PRODUCT_NAME = "$(TARGET_NAME)";
				SWIFT_EMIT_LOC_STRINGS = YES;
				SWIFT_VERSION = 5.0;
				TARGETED_DEVICE_FAMILY = "1,2";
			};
			name = Debug;
		};
		D88615C92BF0F3160062D56B /* Release */ = {
			isa = XCBuildConfiguration;
			buildSettings = {
				ASSETCATALOG_COMPILER_APPICON_NAME = AppIcon;
				ASSETCATALOG_COMPILER_GLOBAL_ACCENT_COLOR_NAME = AccentColor;
				CODE_SIGN_STYLE = Automatic;
				CURRENT_PROJECT_VERSION = 1;
				GENERATE_INFOPLIST_FILE = YES;
				INFOPLIST_FILE = MovieApp/SupportingFiles/Info.plist;
				INFOPLIST_KEY_UIApplicationSupportsIndirectInputEvents = YES;
				INFOPLIST_KEY_UILaunchStoryboardName = LaunchScreen;
				INFOPLIST_KEY_UISupportedInterfaceOrientations_iPad = "UIInterfaceOrientationPortrait UIInterfaceOrientationPortraitUpsideDown UIInterfaceOrientationLandscapeLeft UIInterfaceOrientationLandscapeRight";
				INFOPLIST_KEY_UISupportedInterfaceOrientations_iPhone = "UIInterfaceOrientationPortrait UIInterfaceOrientationLandscapeLeft UIInterfaceOrientationLandscapeRight";
				IPHONEOS_DEPLOYMENT_TARGET = 15.0;
				LD_RUNPATH_SEARCH_PATHS = (
					"$(inherited)",
					"@executable_path/Frameworks",
				);
				MARKETING_VERSION = 1.0;
				PRODUCT_BUNDLE_IDENTIFIER = iskakov.MovieApp;
				PRODUCT_NAME = "$(TARGET_NAME)";
				SWIFT_EMIT_LOC_STRINGS = YES;
				SWIFT_VERSION = 5.0;
				TARGETED_DEVICE_FAMILY = "1,2";
			};
			name = Release;
		};
/* End XCBuildConfiguration section */

/* Begin XCConfigurationList section */
		D88615AE2BF0F3140062D56B /* Build configuration list for PBXProject "MovieApp" */ = {
			isa = XCConfigurationList;
			buildConfigurations = (
				D88615C52BF0F3160062D56B /* Debug */,
				D88615C62BF0F3160062D56B /* Release */,
			);
			defaultConfigurationIsVisible = 0;
			defaultConfigurationName = Release;
		};
		D88615C72BF0F3160062D56B /* Build configuration list for PBXNativeTarget "MovieApp" */ = {
			isa = XCConfigurationList;
			buildConfigurations = (
				D88615C82BF0F3160062D56B /* Debug */,
				D88615C92BF0F3160062D56B /* Release */,
			);
			defaultConfigurationIsVisible = 0;
			defaultConfigurationName = Release;
		};
/* End XCConfigurationList section */
	};
	rootObject = D88615AB2BF0F3140062D56B /* Project object */;
}
